{
  "name": "MagicalMiral2023_LevitationWith",
  "lockfileVersion": 2,
  "requires": true,
  "packages": {
    "": {
      "dependencies": {
        "babylonjs": "^6.10.0",
        "babylonjs-gui": "^6.10.0"
      }
    },
    "node_modules/babylonjs": {
      "version": "6.10.0",
      "resolved": "https://registry.npmjs.org/babylonjs/-/babylonjs-6.10.0.tgz",
      "integrity": "sha512-apJa97Kc1NQpPJV0A+AuMxvsFBOWkyI/BV04xESwueVCqKRTrSIa+hvmkGO1x0tpk1GXuaIJuBe2QywISq8bsg==",
      "hasInstallScript": true
    },
    "node_modules/babylonjs-gui": {
      "version": "6.10.0",
      "resolved": "https://registry.npmjs.org/babylonjs-gui/-/babylonjs-gui-6.10.0.tgz",
      "integrity": "sha512-kMDj+tsYmaPjhj1t5NNkdA1gNRHr2t2PGdxuAPySjgK/3iszdfbPLiHQBraBEktdVFSvZ4H852F0+hsWvu9XeA==",
      "dependencies": {
        "babylonjs": "^6.10.0"
      }
    }
  },
  "dependencies": {
    "babylonjs": {
      "version": "6.10.0",
      "resolved": "https://registry.npmjs.org/babylonjs/-/babylonjs-6.10.0.tgz",
      "integrity": "sha512-apJa97Kc1NQpPJV0A+AuMxvsFBOWkyI/BV04xESwueVCqKRTrSIa+hvmkGO1x0tpk1GXuaIJuBe2QywISq8bsg=="
    },
    "babylonjs-gui": {
      "version": "6.10.0",
      "resolved": "https://registry.npmjs.org/babylonjs-gui/-/babylonjs-gui-6.10.0.tgz",
      "integrity": "sha512-kMDj+tsYmaPjhj1t5NNkdA1gNRHr2t2PGdxuAPySjgK/3iszdfbPLiHQBraBEktdVFSvZ4H852F0+hsWvu9XeA==",
      "requires": {
        "babylonjs": "^6.10.0"
      }
    }
  }
}
